
Microsoft Visual Studio Solution File, Format Version 12.00
# Visual Studio 15
VisualStudioVersion = 15.0.28307.421
MinimumVisualStudioVersion = 10.0.40219.1
Project("{2150E333-8FDC-42A3-9474-1A3956D46DE8}") = "src", "src", "{4C4CF5E9-D06A-433A-922C-0F16316BA346}"
EndProject
Project("{2150E333-8FDC-42A3-9474-1A3956D46DE8}") = "test", "test", "{604973EE-A4E5-439D-A0AE-2ED46FE28137}"
EndProject
Project("{FAE04EC0-301F-11D3-BF4B-00C04F79EFBC}") = "Prueba.Web", "src\Prueba.Web\Prueba.Web.csproj", "{371743B3-506B-4DB8-93A9-728F476503A9}"
EndProject
Global
	GlobalSection(SolutionConfigurationPlatforms) = preSolution
		Debug|Any CPU = Debug|Any CPU
		Release|Any CPU = Release|Any CPU
	EndGlobalSection
	GlobalSection(ProjectConfigurationPlatforms) = postSolution
		{371743B3-506B-4DB8-93A9-728F476503A9}.Debug|Any CPU.ActiveCfg = Debug|Any CPU
		{371743B3-506B-4DB8-93A9-728F476503A9}.Debug|Any CPU.Build.0 = Debug|Any CPU
		{371743B3-506B-4DB8-93A9-728F476503A9}.Release|Any CPU.ActiveCfg = Release|Any CPU
		{371743B3-506B-4DB8-93A9-728F476503A9}.Release|Any CPU.Build.0 = Release|Any CPU
	EndGlobalSection
	GlobalSection(SolutionProperties) = preSolution
		HideSolutionNode = FALSE
	EndGlobalSection
	GlobalSection(NestedProjects) = preSolution
		{371743B3-506B-4DB8-93A9-728F476503A9} = {4C4CF5E9-D06A-433A-922C-0F16316BA346}
	EndGlobalSection
	GlobalSection(ExtensibilityGlobals) = postSolution
		SolutionGuid = {D51A26B3-1F2B-490A-9A19-436AA6AF639A}
	EndGlobalSection
EndGlobal
